{
  "name": "bats",
  "version": "1.1.1",
  "lockfileVersion": 1,
  "requires": true,
  "dependencies": {
    "brew-publish": {
      "version": "2.2.0",
      "resolved": "https://registry.npmjs.org/brew-publish/-/brew-publish-2.2.0.tgz",
      "integrity": "sha512-0d8neRrawePfzYyq8zpXkJRwE5I0mEB8ksPN2cnuOxXffo975HJ4jD5JB7gSb59tLp3xlSNIC0ou/1Bw3329MQ==",
      "dev": true
    }
  }
}
